// !$*UTF8*$!
{
	archiveVersion = 1;
	classes = {
	};
	objectVersion = 46;
	objects = {

/* Begin PBXBuildFile section */
		92E5B89019CA8B4900BC2BAE /* Foundation.framework in Frameworks */ = {isa = PBXBuildFile; fileRef = 92E5B88F19CA8B4900BC2BAE /* Foundation.framework */; };
		92E5B89219CA8B4900BC2BAE /* CoreGraphics.framework in Frameworks */ = {isa = PBXBuildFile; fileRef = 92E5B89119CA8B4900BC2BAE /* CoreGraphics.framework */; };
		92E5B89419CA8B4900BC2BAE /* UIKit.framework in Frameworks */ = {isa = PBXBuildFile; fileRef = 92E5B89319CA8B4900BC2BAE /* UIKit.framework */; };
		92E5B89A19CA8B4900BC2BAE /* InfoPlist.strings in Resources */ = {isa = PBXBuildFile; fileRef = 92E5B89819CA8B4900BC2BAE /* InfoPlist.strings */; };
		92E5B89C19CA8B4900BC2BAE /* main.m in Sources */ = {isa = PBXBuildFile; fileRef = 92E5B89B19CA8B4900BC2BAE /* main.m */; };
		92E5B8A019CA8B4900BC2BAE /* ZZZAppDelegate.m in Sources */ = {isa = PBXBuildFile; fileRef = 92E5B89F19CA8B4900BC2BAE /* ZZZAppDelegate.m */; };
		92E5B8A319CA8B4900BC2BAE /* Main_iPhone.storyboard in Resources */ = {isa = PBXBuildFile; fileRef = 92E5B8A119CA8B4900BC2BAE /* Main_iPhone.storyboard */; };
		92E5B8AB19CA8B4900BC2BAE /* Images.xcassets in Resources */ = {isa = PBXBuildFile; fileRef = 92E5B8AA19CA8B4900BC2BAE /* Images.xcassets */; };
		92E5B8B219CA8B4A00BC2BAE /* XCTest.framework in Frameworks */ = {isa = PBXBuildFile; fileRef = 92E5B8B119CA8B4A00BC2BAE /* XCTest.framework */; };
		92E5B8B319CA8B4A00BC2BAE /* Foundation.framework in Frameworks */ = {isa = PBXBuildFile; fileRef = 92E5B88F19CA8B4900BC2BAE /* Foundation.framework */; };
		92E5B8B419CA8B4A00BC2BAE /* UIKit.framework in Frameworks */ = {isa = PBXBuildFile; fileRef = 92E5B89319CA8B4900BC2BAE /* UIKit.framework */; };
		92E5B8BC19CA8B4A00BC2BAE /* InfoPlist.strings in Resources */ = {isa = PBXBuildFile; fileRef = 92E5B8BA19CA8B4A00BC2BAE /* InfoPlist.strings */; };
		92E5B8BE19CA8B4A00BC2BAE /* CodeTestZMTests.m in Sources */ = {isa = PBXBuildFile; fileRef = 92E5B8BD19CA8B4A00BC2BAE /* CodeTestZMTests.m */; };
		92E5B8C919CA8BC500BC2BAE /* ZZZBookTableViewTableViewController.m in Sources */ = {isa = PBXBuildFile; fileRef = 92E5B8C819CA8BC500BC2BAE /* ZZZBookTableViewTableViewController.m */; };
		92E5B8CB19CA8C0B00BC2BAE /* BookCell.xib in Resources */ = {isa = PBXBuildFile; fileRef = 92E5B8CA19CA8C0B00BC2BAE /* BookCell.xib */; };
		92E5B8CE19CA8D4700BC2BAE /* ZZZBookTableCellTableViewCell.m in Sources */ = {isa = PBXBuildFile; fileRef = 92E5B8CD19CA8D4700BC2BAE /* ZZZBookTableCellTableViewCell.m */; };
		92E5B8D219CA8E5000BC2BAE /* ZZZBookNetworkService.m in Sources */ = {isa = PBXBuildFile; fileRef = 92E5B8D119CA8E5000BC2BAE /* ZZZBookNetworkService.m */; };
/* End PBXBuildFile section */

/* Begin PBXContainerItemProxy section */
		92E5B8B519CA8B4A00BC2BAE /* PBXContainerItemProxy */ = {
			isa = PBXContainerItemProxy;
			containerPortal = 92E5B88419CA8B4900BC2BAE /* Project object */;
			proxyType = 1;
			remoteGlobalIDString = 92E5B88B19CA8B4900BC2BAE;
			remoteInfo = CodeTestZM;
		};
/* End PBXContainerItemProxy section */

/* Begin PBXFileReference section */
		92E5B88C19CA8B4900BC2BAE /* CodeTestZM.app */ = {isa = PBXFileReference; explicitFileType = wrapper.application; includeInIndex = 0; path = CodeTestZM.app; sourceTree = BUILT_PRODUCTS_DIR; };
		92E5B88F19CA8B4900BC2BAE /* Foundation.framework */ = {isa = PBXFileReference; lastKnownFileType = wrapper.framework; name = Foundation.framework; path = System/Library/Frameworks/Foundation.framework; sourceTree = SDKROOT; };
		92E5B89119CA8B4900BC2BAE /* CoreGraphics.framework */ = {isa = PBXFileReference; lastKnownFileType = wrapper.framework; name = CoreGraphics.framework; path = System/Library/Frameworks/CoreGraphics.framework; sourceTree = SDKROOT; };
		92E5B89319CA8B4900BC2BAE /* UIKit.framework */ = {isa = PBXFileReference; lastKnownFileType = wrapper.framework; name = UIKit.framework; path = System/Library/Frameworks/UIKit.framework; sourceTree = SDKROOT; };
		92E5B89719CA8B4900BC2BAE /* CodeTestZM-Info.plist */ = {isa = PBXFileReference; lastKnownFileType = text.plist.xml; path = "CodeTestZM-Info.plist"; sourceTree = "<group>"; };
		92E5B89919CA8B4900BC2BAE /* en */ = {isa = PBXFileReference; lastKnownFileType = text.plist.strings; name = en; path = en.lproj/InfoPlist.strings; sourceTree = "<group>"; };
		92E5B89B19CA8B4900BC2BAE /* main.m */ = {isa = PBXFileReference; lastKnownFileType = sourcecode.c.objc; path = main.m; sourceTree = "<group>"; };
		92E5B89D19CA8B4900BC2BAE /* CodeTestZM-Prefix.pch */ = {isa = PBXFileReference; lastKnownFileType = sourcecode.c.h; path = "CodeTestZM-Prefix.pch"; sourceTree = "<group>"; };
		92E5B89E19CA8B4900BC2BAE /* ZZZAppDelegate.h */ = {isa = PBXFileReference; lastKnownFileType = sourcecode.c.h; path = ZZZAppDelegate.h; sourceTree = "<group>"; };
		92E5B89F19CA8B4900BC2BAE /* ZZZAppDelegate.m */ = {isa = PBXFileReference; lastKnownFileType = sourcecode.c.objc; path = ZZZAppDelegate.m; sourceTree = "<group>"; };
		92E5B8A219CA8B4900BC2BAE /* Base */ = {isa = PBXFileReference; lastKnownFileType = file.storyboard; name = Base; path = Base.lproj/Main_iPhone.storyboard; sourceTree = "<group>"; };
		92E5B8AA19CA8B4900BC2BAE /* Images.xcassets */ = {isa = PBXFileReference; lastKnownFileType = folder.assetcatalog; path = Images.xcassets; sourceTree = "<group>"; };
		92E5B8B019CA8B4A00BC2BAE /* CodeTestZMTests.xctest */ = {isa = PBXFileReference; explicitFileType = wrapper.cfbundle; includeInIndex = 0; path = CodeTestZMTests.xctest; sourceTree = BUILT_PRODUCTS_DIR; };
		92E5B8B119CA8B4A00BC2BAE /* XCTest.framework */ = {isa = PBXFileReference; lastKnownFileType = wrapper.framework; name = XCTest.framework; path = Library/Frameworks/XCTest.framework; sourceTree = DEVELOPER_DIR; };
		92E5B8B919CA8B4A00BC2BAE /* CodeTestZMTests-Info.plist */ = {isa = PBXFileReference; lastKnownFileType = text.plist.xml; path = "CodeTestZMTests-Info.plist"; sourceTree = "<group>"; };
		92E5B8BB19CA8B4A00BC2BAE /* en */ = {isa = PBXFileReference; lastKnownFileType = text.plist.strings; name = en; path = en.lproj/InfoPlist.strings; sourceTree = "<group>"; };
		92E5B8BD19CA8B4A00BC2BAE /* CodeTestZMTests.m */ = {isa = PBXFileReference; lastKnownFileType = sourcecode.c.objc; path = CodeTestZMTests.m; sourceTree = "<group>"; };
		92E5B8C719CA8BC500BC2BAE /* ZZZBookTableViewTableViewController.h */ = {isa = PBXFileReference; fileEncoding = 4; lastKnownFileType = sourcecode.c.h; path = ZZZBookTableViewTableViewController.h; sourceTree = "<group>"; };
		92E5B8C819CA8BC500BC2BAE /* ZZZBookTableViewTableViewController.m */ = {isa = PBXFileReference; fileEncoding = 4; lastKnownFileType = sourcecode.c.objc; path = ZZZBookTableViewTableViewController.m; sourceTree = "<group>"; };
		92E5B8CA19CA8C0B00BC2BAE /* BookCell.xib */ = {isa = PBXFileReference; fileEncoding = 4; lastKnownFileType = file.xib; path = BookCell.xib; sourceTree = "<group>"; };
		92E5B8CC19CA8D4700BC2BAE /* ZZZBookTableCellTableViewCell.h */ = {isa = PBXFileReference; fileEncoding = 4; lastKnownFileType = sourcecode.c.h; path = ZZZBookTableCellTableViewCell.h; sourceTree = "<group>"; };
		92E5B8CD19CA8D4700BC2BAE /* ZZZBookTableCellTableViewCell.m */ = {isa = PBXFileReference; fileEncoding = 4; lastKnownFileType = sourcecode.c.objc; path = ZZZBookTableCellTableViewCell.m; sourceTree = "<group>"; };
		92E5B8D019CA8E5000BC2BAE /* ZZZBookNetworkService.h */ = {isa = PBXFileReference; fileEncoding = 4; lastKnownFileType = sourcecode.c.h; path = ZZZBookNetworkService.h; sourceTree = "<group>"; };
		92E5B8D119CA8E5000BC2BAE /* ZZZBookNetworkService.m */ = {isa = PBXFileReference; fileEncoding = 4; lastKnownFileType = sourcecode.c.objc; path = ZZZBookNetworkService.m; sourceTree = "<group>"; };
/* End PBXFileReference section */

/* Begin PBXFrameworksBuildPhase section */
		92E5B88919CA8B4900BC2BAE /* Frameworks */ = {
			isa = PBXFrameworksBuildPhase;
			buildActionMask = 2147483647;
			files = (
				92E5B89219CA8B4900BC2BAE /* CoreGraphics.framework in Frameworks */,
				92E5B89419CA8B4900BC2BAE /* UIKit.framework in Frameworks */,
				92E5B89019CA8B4900BC2BAE /* Foundation.framework in Frameworks */,
			);
			runOnlyForDeploymentPostprocessing = 0;
		};
		92E5B8AD19CA8B4A00BC2BAE /* Frameworks */ = {
			isa = PBXFrameworksBuildPhase;
			buildActionMask = 2147483647;
			files = (
				92E5B8B219CA8B4A00BC2BAE /* XCTest.framework in Frameworks */,
				92E5B8B419CA8B4A00BC2BAE /* UIKit.framework in Frameworks */,
				92E5B8B319CA8B4A00BC2BAE /* Foundation.framework in Frameworks */,
			);
			runOnlyForDeploymentPostprocessing = 0;
		};
/* End PBXFrameworksBuildPhase section */

/* Begin PBXGroup section */
		92E5B88319CA8B4900BC2BAE = {
			isa = PBXGroup;
			children = (
				92E5B89519CA8B4900BC2BAE /* CodeTestZM */,
				92E5B8B719CA8B4A00BC2BAE /* CodeTestZMTests */,
				92E5B88E19CA8B4900BC2BAE /* Frameworks */,
				92E5B88D19CA8B4900BC2BAE /* Products */,
			);
			sourceTree = "<group>";
		};
		92E5B88D19CA8B4900BC2BAE /* Products */ = {
			isa = PBXGroup;
			children = (
				92E5B88C19CA8B4900BC2BAE /* CodeTestZM.app */,
				92E5B8B019CA8B4A00BC2BAE /* CodeTestZMTests.xctest */,
			);
			name = Products;
			sourceTree = "<group>";
		};
		92E5B88E19CA8B4900BC2BAE /* Frameworks */ = {
			isa = PBXGroup;
			children = (
				92E5B88F19CA8B4900BC2BAE /* Foundation.framework */,
				92E5B89119CA8B4900BC2BAE /* CoreGraphics.framework */,
				92E5B89319CA8B4900BC2BAE /* UIKit.framework */,
				92E5B8B119CA8B4A00BC2BAE /* XCTest.framework */,
			);
			name = Frameworks;
			sourceTree = "<group>";
		};
		92E5B89519CA8B4900BC2BAE /* CodeTestZM */ = {
			isa = PBXGroup;
			children = (
				92E5B8AA19CA8B4900BC2BAE /* Images.xcassets */,
				92E5B8A119CA8B4900BC2BAE /* Main_iPhone.storyboard */,
				92E5B89619CA8B4900BC2BAE /* Supporting Files */,
				92E5B8CF19CA8D5300BC2BAE /* Table Cells */,
				92E5B89E19CA8B4900BC2BAE /* ZZZAppDelegate.h */,
				92E5B89F19CA8B4900BC2BAE /* ZZZAppDelegate.m */,
				92E5B8D019CA8E5000BC2BAE /* ZZZBookNetworkService.h */,
				92E5B8D119CA8E5000BC2BAE /* ZZZBookNetworkService.m */,
				92E5B8C719CA8BC500BC2BAE /* ZZZBookTableViewTableViewController.h */,
				92E5B8C819CA8BC500BC2BAE /* ZZZBookTableViewTableViewController.m */,
			);
			path = CodeTestZM;
			sourceTree = "<group>";
		};
		92E5B89619CA8B4900BC2BAE /* Supporting Files */ = {
			isa = PBXGroup;
			children = (
				92E5B89719CA8B4900BC2BAE /* CodeTestZM-Info.plist */,
				92E5B89819CA8B4900BC2BAE /* InfoPlist.strings */,
				92E5B89B19CA8B4900BC2BAE /* main.m */,
				92E5B89D19CA8B4900BC2BAE /* CodeTestZM-Prefix.pch */,
			);
			name = "Supporting Files";
			sourceTree = "<group>";
		};
		92E5B8B719CA8B4A00BC2BAE /* CodeTestZMTests */ = {
			isa = PBXGroup;
			children = (
				92E5B8BD19CA8B4A00BC2BAE /* CodeTestZMTests.m */,
				92E5B8B819CA8B4A00BC2BAE /* Supporting Files */,
			);
			path = CodeTestZMTests;
			sourceTree = "<group>";
		};
		92E5B8B819CA8B4A00BC2BAE /* Supporting Files */ = {
			isa = PBXGroup;
			children = (
				92E5B8B919CA8B4A00BC2BAE /* CodeTestZMTests-Info.plist */,
				92E5B8BA19CA8B4A00BC2BAE /* InfoPlist.strings */,
			);
			name = "Supporting Files";
			sourceTree = "<group>";
		};
		92E5B8CF19CA8D5300BC2BAE /* Table Cells */ = {
			isa = PBXGroup;
			children = (
				92E5B8CA19CA8C0B00BC2BAE /* BookCell.xib */,
				92E5B8CD19CA8D4700BC2BAE /* ZZZBookTableCellTableViewCell.m */,
				92E5B8CC19CA8D4700BC2BAE /* ZZZBookTableCellTableViewCell.h */,
			);
			name = "Table Cells";
			sourceTree = "<group>";
		};
/* End PBXGroup section */

/* Begin PBXNativeTarget section */
		92E5B88B19CA8B4900BC2BAE /* CodeTestZM */ = {
			isa = PBXNativeTarget;
			buildConfigurationList = 92E5B8C119CA8B4A00BC2BAE /* Build configuration list for PBXNativeTarget "CodeTestZM" */;
			buildPhases = (
				92E5B88819CA8B4900BC2BAE /* Sources */,
				92E5B88919CA8B4900BC2BAE /* Frameworks */,
				92E5B88A19CA8B4900BC2BAE /* Resources */,
			);
			buildRules = (
			);
			dependencies = (
			);
			name = CodeTestZM;
			productName = CodeTestZM;
			productReference = 92E5B88C19CA8B4900BC2BAE /* CodeTestZM.app */;
			productType = "com.apple.product-type.application";
		};
		92E5B8AF19CA8B4A00BC2BAE /* CodeTestZMTests */ = {
			isa = PBXNativeTarget;
			buildConfigurationList = 92E5B8C419CA8B4A00BC2BAE /* Build configuration list for PBXNativeTarget "CodeTestZMTests" */;
			buildPhases = (
				92E5B8AC19CA8B4A00BC2BAE /* Sources */,
				92E5B8AD19CA8B4A00BC2BAE /* Frameworks */,
				92E5B8AE19CA8B4A00BC2BAE /* Resources */,
			);
			buildRules = (
			);
			dependencies = (
				92E5B8B619CA8B4A00BC2BAE /* PBXTargetDependency */,
			);
			name = CodeTestZMTests;
			productName = CodeTestZMTests;
			productReference = 92E5B8B019CA8B4A00BC2BAE /* CodeTestZMTests.xctest */;
			productType = "com.apple.product-type.bundle.unit-test";
		};
/* End PBXNativeTarget section */

/* Begin PBXProject section */
		92E5B88419CA8B4900BC2BAE /* Project object */ = {
			isa = PBXProject;
			attributes = {
				CLASSPREFIX = ZZZ;
				LastUpgradeCheck = 0510;
				ORGANIZATIONNAME = ZachM;
				TargetAttributes = {
					92E5B8AF19CA8B4A00BC2BAE = {
						TestTargetID = 92E5B88B19CA8B4900BC2BAE;
					};
				};
			};
			buildConfigurationList = 92E5B88719CA8B4900BC2BAE /* Build configuration list for PBXProject "CodeTestZM" */;
			compatibilityVersion = "Xcode 3.2";
			developmentRegion = English;
			hasScannedForEncodings = 0;
			knownRegions = (
				en,
				Base,
			);
			mainGroup = 92E5B88319CA8B4900BC2BAE;
			productRefGroup = 92E5B88D19CA8B4900BC2BAE /* Products */;
			projectDirPath = "";
			projectRoot = "";
			targets = (
				92E5B88B19CA8B4900BC2BAE /* CodeTestZM */,
				92E5B8AF19CA8B4A00BC2BAE /* CodeTestZMTests */,
			);
		};
/* End PBXProject section */

/* Begin PBXResourcesBuildPhase section */
		92E5B88A19CA8B4900BC2BAE /* Resources */ = {
			isa = PBXResourcesBuildPhase;
			buildActionMask = 2147483647;
			files = (
				92E5B8CB19CA8C0B00BC2BAE /* BookCell.xib in Resources */,
				92E5B8AB19CA8B4900BC2BAE /* Images.xcassets in Resources */,
				92E5B8A319CA8B4900BC2BAE /* Main_iPhone.storyboard in Resources */,
				92E5B89A19CA8B4900BC2BAE /* InfoPlist.strings in Resources */,
			);
			runOnlyForDeploymentPostprocessing = 0;
		};
		92E5B8AE19CA8B4A00BC2BAE /* Resources */ = {
			isa = PBXResourcesBuildPhase;
			buildActionMask = 2147483647;
			files = (
				92E5B8BC19CA8B4A00BC2BAE /* InfoPlist.strings in Resources */,
			);
			runOnlyForDeploymentPostprocessing = 0;
		};
/* End PBXResourcesBuildPhase section */

/* Begin PBXSourcesBuildPhase section */
		92E5B88819CA8B4900BC2BAE /* Sources */ = {
			isa = PBXSourcesBuildPhase;
			buildActionMask = 2147483647;
			files = (
				92E5B89C19CA8B4900BC2BAE /* main.m in Sources */,
				92E5B8C919CA8BC500BC2BAE /* ZZZBookTableViewTableViewController.m in Sources */,
				92E5B8CE19CA8D4700BC2BAE /* ZZZBookTableCellTableViewCell.m in Sources */,
				92E5B8D219CA8E5000BC2BAE /* ZZZBookNetworkService.m in Sources */,
				92E5B8A019CA8B4900BC2BAE /* ZZZAppDelegate.m in Sources */,
			);
			runOnlyForDeploymentPostprocessing = 0;
		};
		92E5B8AC19CA8B4A00BC2BAE /* Sources */ = {
			isa = PBXSourcesBuildPhase;
			buildActionMask = 2147483647;
			files = (
				92E5B8BE19CA8B4A00BC2BAE /* CodeTestZMTests.m in Sources */,
			);
			runOnlyForDeploymentPostprocessing = 0;
		};
/* End PBXSourcesBuildPhase section */

/* Begin PBXTargetDependency section */
		92E5B8B619CA8B4A00BC2BAE /* PBXTargetDependency */ = {
			isa = PBXTargetDependency;
			target = 92E5B88B19CA8B4900BC2BAE /* CodeTestZM */;
			targetProxy = 92E5B8B519CA8B4A00BC2BAE /* PBXContainerItemProxy */;
		};
/* End PBXTargetDependency section */

/* Begin PBXVariantGroup section */
		92E5B89819CA8B4900BC2BAE /* InfoPlist.strings */ = {
			isa = PBXVariantGroup;
			children = (
				92E5B89919CA8B4900BC2BAE /* en */,
			);
			name = InfoPlist.strings;
			sourceTree = "<group>";
		};
		92E5B8A119CA8B4900BC2BAE /* Main_iPhone.storyboard */ = {
			isa = PBXVariantGroup;
			children = (
				92E5B8A219CA8B4900BC2BAE /* Base */,
			);
			name = Main_iPhone.storyboard;
			sourceTree = "<group>";
		};
		92E5B8BA19CA8B4A00BC2BAE /* InfoPlist.strings */ = {
			isa = PBXVariantGroup;
			children = (
				92E5B8BB19CA8B4A00BC2BAE /* en */,
			);
			name = InfoPlist.strings;
			sourceTree = "<group>";
		};
/* End PBXVariantGroup section */

/* Begin XCBuildConfiguration section */
		92E5B8BF19CA8B4A00BC2BAE /* Debug */ = {
			isa = XCBuildConfiguration;
			buildSettings = {
				ALWAYS_SEARCH_USER_PATHS = NO;
				CLANG_CXX_LANGUAGE_STANDARD = "gnu++0x";
				CLANG_CXX_LIBRARY = "libc++";
				CLANG_ENABLE_MODULES = YES;
				CLANG_ENABLE_OBJC_ARC = YES;
				CLANG_WARN_BOOL_CONVERSION = YES;
				CLANG_WARN_CONSTANT_CONVERSION = YES;
				CLANG_WARN_DIRECT_OBJC_ISA_USAGE = YES_ERROR;
				CLANG_WARN_EMPTY_BODY = YES;
				CLANG_WARN_ENUM_CONVERSION = YES;
				CLANG_WARN_INT_CONVERSION = YES;
				CLANG_WARN_OBJC_ROOT_CLASS = YES_ERROR;
				CLANG_WARN__DUPLICATE_METHOD_MATCH = YES;
				"CODE_SIGN_IDENTITY[sdk=iphoneos*]" = "iPhone Developer";
				COPY_PHASE_STRIP = NO;
				GCC_C_LANGUAGE_STANDARD = gnu99;
				GCC_DYNAMIC_NO_PIC = NO;
				GCC_OPTIMIZATION_LEVEL = 0;
				GCC_PREPROCESSOR_DEFINITIONS = (
					"DEBUG=1",
					"$(inherited)",
				);
				GCC_SYMBOLS_PRIVATE_EXTERN = NO;
				GCC_WARN_64_TO_32_BIT_CONVERSION = YES;
				GCC_WARN_ABOUT_RETURN_TYPE = YES_ERROR;
				GCC_WARN_UNDECLARED_SELECTOR = YES;
				GCC_WARN_UNINITIALIZED_AUTOS = YES_AGGRESSIVE;
				GCC_WARN_UNUSED_FUNCTION = YES;
				GCC_WARN_UNUSED_VARIABLE = YES;
				IPHONEOS_DEPLOYMENT_TARGET = 7.1;
				ONLY_ACTIVE_ARCH = YES;
				SDKROOT = iphoneos;
				TARGETED_DEVICE_FAMILY = "1,2";
			};
			name = Debug;
		};
		92E5B8C019CA8B4A00BC2BAE /* Release */ = {
			isa = XCBuildConfiguration;
			buildSettings = {
				ALWAYS_SEARCH_USER_PATHS = NO;
				CLANG_CXX_LANGUAGE_STANDARD = "gnu++0x";
				CLANG_CXX_LIBRARY = "libc++";
				CLANG_ENABLE_MODULES = YES;
				CLANG_ENABLE_OBJC_ARC = YES;
				CLANG_WARN_BOOL_CONVERSION = YES;
				CLANG_WARN_CONSTANT_CONVERSION = YES;
				CLANG_WARN_DIRECT_OBJC_ISA_USAGE = YES_ERROR;
				CLANG_WARN_EMPTY_BODY = YES;
				CLANG_WARN_ENUM_CONVERSION = YES;
				CLANG_WARN_INT_CONVERSION = YES;
				CLANG_WARN_OBJC_ROOT_CLASS = YES_ERROR;
				CLANG_WARN__DUPLICATE_METHOD_MATCH = YES;
				"CODE_SIGN_IDENTITY[sdk=iphoneos*]" = "iPhone Developer";
				COPY_PHASE_STRIP = YES;
				ENABLE_NS_ASSERTIONS = NO;
				GCC_C_LANGUAGE_STANDARD = gnu99;
				GCC_WARN_64_TO_32_BIT_CONVERSION = YES;
				GCC_WARN_ABOUT_RETURN_TYPE = YES_ERROR;
				GCC_WARN_UNDECLARED_SELECTOR = YES;
				GCC_WARN_UNINITIALIZED_AUTOS = YES_AGGRESSIVE;
				GCC_WARN_UNUSED_FUNCTION = YES;
				GCC_WARN_UNUSED_VARIABLE = YES;
				IPHONEOS_DEPLOYMENT_TARGET = 7.1;
				SDKROOT = iphoneos;
				TARGETED_DEVICE_FAMILY = "1,2";
				VALIDATE_PRODUCT = YES;
			};
			name = Release;
		};
		92E5B8C219CA8B4A00BC2BAE /* Debug */ = {
			isa = XCBuildConfiguration;
			buildSettings = {
				ASSETCATALOG_COMPILER_APPICON_NAME = AppIcon;
				ASSETCATALOG_COMPILER_LAUNCHIMAGE_NAME = LaunchImage;
				GCC_PRECOMPILE_PREFIX_HEADER = YES;
				GCC_PREFIX_HEADER = "CodeTestZM/CodeTestZM-Prefix.pch";
				INFOPLIST_FILE = "CodeTestZM/CodeTestZM-Info.plist";
				PRODUCT_NAME = "$(TARGET_NAME)";
				TARGETED_DEVICE_FAMILY = 1;
				WRAPPER_EXTENSION = app;
			};
			name = Debug;
		};
		92E5B8C319CA8B4A00BC2BAE /* Release */ = {
			isa = XCBuildConfiguration;
			buildSettings = {
				ASSETCATALOG_COMPILER_APPICON_NAME = AppIcon;
				ASSETCATALOG_COMPILER_LAUNCHIMAGE_NAME = LaunchImage;
				GCC_PRECOMPILE_PREFIX_HEADER = YES;
				GCC_PREFIX_HEADER = "CodeTestZM/CodeTestZM-Prefix.pch";
				INFOPLIST_FILE = "CodeTestZM/CodeTestZM-Info.plist";
				PRODUCT_NAME = "$(TARGET_NAME)";
				TARGETED_DEVICE_FAMILY = 1;
				WRAPPER_EXTENSION = app;
			};
			name = Release;
		};
		92E5B8C519CA8B4A00BC2BAE /* Debug */ = {
			isa = XCBuildConfiguration;
			buildSettings = {
				BUNDLE_LOADER = "$(BUILT_PRODUCTS_DIR)/CodeTestZM.app/CodeTestZM";
				FRAMEWORK_SEARCH_PATHS = (
					"$(SDKROOT)/Developer/Library/Frameworks",
					"$(inherited)",
					"$(DEVELOPER_FRAMEWORKS_DIR)",
				);
				GCC_PRECOMPILE_PREFIX_HEADER = YES;
				GCC_PREFIX_HEADER = "CodeTestZM/CodeTestZM-Prefix.pch";
				GCC_PREPROCESSOR_DEFINITIONS = (
					"DEBUG=1",
					"$(inherited)",
				);
				INFOPLIST_FILE = "CodeTestZMTests/CodeTestZMTests-Info.plist";
				PRODUCT_NAME = "$(TARGET_NAME)";
				TEST_HOST = "$(BUNDLE_LOADER)";
				WRAPPER_EXTENSION = xctest;
			};
			name = Debug;
		};
		92E5B8C619CA8B4A00BC2BAE /* Release */ = {
			isa = XCBuildConfiguration;
			buildSettings = {
				BUNDLE_LOADER = "$(BUILT_PRODUCTS_DIR)/CodeTestZM.app/CodeTestZM";
				FRAMEWORK_SEARCH_PATHS = (
					"$(SDKROOT)/Developer/Library/Frameworks",
					"$(inherited)",
					"$(DEVELOPER_FRAMEWORKS_DIR)",
				);
				GCC_PRECOMPILE_PREFIX_HEADER = YES;
				GCC_PREFIX_HEADER = "CodeTestZM/CodeTestZM-Prefix.pch";
				INFOPLIST_FILE = "CodeTestZMTests/CodeTestZMTests-Info.plist";
				PRODUCT_NAME = "$(TARGET_NAME)";
				TEST_HOST = "$(BUNDLE_LOADER)";
				WRAPPER_EXTENSION = xctest;
			};
			name = Release;
		};
/* End XCBuildConfiguration section */

/* Begin XCConfigurationList section */
		92E5B88719CA8B4900BC2BAE /* Build configuration list for PBXProject "CodeTestZM" */ = {
			isa = XCConfigurationList;
			buildConfigurations = (
				92E5B8BF19CA8B4A00BC2BAE /* Debug */,
				92E5B8C019CA8B4A00BC2BAE /* Release */,
			);
			defaultConfigurationIsVisible = 0;
			defaultConfigurationName = Release;
		};
		92E5B8C119CA8B4A00BC2BAE /* Build configuration list for PBXNativeTarget "CodeTestZM" */ = {
			isa = XCConfigurationList;
			buildConfigurations = (
				92E5B8C219CA8B4A00BC2BAE /* Debug */,
				92E5B8C319CA8B4A00BC2BAE /* Release */,
			);
			defaultConfigurationIsVisible = 0;
		};
		92E5B8C419CA8B4A00BC2BAE /* Build configuration list for PBXNativeTarget "CodeTestZMTests" */ = {
			isa = XCConfigurationList;
			buildConfigurations = (
				92E5B8C519CA8B4A00BC2BAE /* Debug */,
				92E5B8C619CA8B4A00BC2BAE /* Release */,
			);
			defaultConfigurationIsVisible = 0;
		};
/* End XCConfigurationList section */
	};
	rootObject = 92E5B88419CA8B4900BC2BAE /* Project object */;
}
